// !$*UTF8*$!
{
	"archiveVersion" = "1";
	"classes" = {
	};
	"objectVersion" = "56";
	"objects" = {
		"668CB14733DFAAFE919B6249" = {
			"isa" = "PBXFileReference";
			"lastKnownFileType" = "sourcecode.swift";
			"path" = "Shared/Bridge/ArtworkRecovery.swift";
			"sourceTree" = "<group>";
		};
		"8678D73C2CD2F16B2F4C4BDE" = {
			"isa" = "PBXFileReference";
			"lastKnownFileType" = "sourcecode.swift";
			"path" = "Shared/Bridge/AtomicJSONFile.swift";
			"sourceTree" = "<group>";
		};
		"DC26C6467362BAF0FAA01475" = {
			"isa" = "PBXFileReference";
			"lastKnownFileType" = "sourcecode.swift";
			"path" = "Shared/Bridge/CanvasFrameDriver.swift";
			"sourceTree" = "<group>";
		};
		"514E24D0B2CA7B1FF8F64A27" = {
			"isa" = "PBXFileReference";
			"lastKnownFileType" = "sourcecode.swift";
			"path" = "Shared/Bridge/ContentDrawersPresentation.swift";
			"sourceTree" = "<group>";
		};
		"F923C5CA4EB86029D6FAF0F3" = {
			"isa" = "PBXFileReference";
			"lastKnownFileType" = "sourcecode.swift";
			"path" = "Shared/Bridge/DrawingWorkload.swift";
			"sourceTree" = "<group>";
		};
		"9BE0D313FBC851A75294C032" = {
			"isa" = "PBXFileReference";
			"lastKnownFileType" = "sourcecode.swift";
			"path" = "Shared/Bridge/DrawingWorkloadPlan.swift";
			"sourceTree" = "<group>";
		};
		"0EF2CF6CDCF4746420400C13" = {
			"isa" = "PBXFileReference";
			"lastKnownFileType" = "sourcecode.swift";
			"path" = "Shared/Bridge/EditorPersistence.swift";
			"sourceTree" = "<group>";
		};
		"AB3BBB32060E19A23A3660F7" = {
			"isa" = "PBXFileReference";
			"lastKnownFileType" = "sourcecode.swift";
			"path" = "Shared/Bridge/EditorStore.swift";
			"sourceTree" = "<group>";
		};
		"38228B423AE3CAB2A25B2C5A" = {
			"isa" = "PBXFileReference";
			"lastKnownFileType" = "sourcecode.swift";
			"path" = "Shared/Bridge/EstimatedInput.swift";
			"sourceTree" = "<group>";
		};
		"20EAED433B27EA838F272094" = {
			"isa" = "PBXFileReference";
			"lastKnownFileType" = "sourcecode.swift";
			"path" = "Shared/Bridge/FilterPreviews.swift";
			"sourceTree" = "<group>";
		};
		"5DDFD7A265591176363D30A8" = {
			"isa" = "PBXFileReference";
			"lastKnownFileType" = "sourcecode.swift";
			"path" = "Shared/Bridge/FrameTrace.swift";
			"sourceTree" = "<group>";
		};
		"2515D317A09AD9EE635A76D0" = {
			"isa" = "PBXFileReference";
			"lastKnownFileType" = "sourcecode.swift";
			"path" = "Shared/Bridge/JSON.swift";
			"sourceTree" = "<group>";
		};
		"1732FD47B74F8D58080DCBC5" = {
			"isa" = "PBXFileReference";
			"lastKnownFileType" = "sourcecode.swift";
			"path" = "Shared/Bridge/LayerImageImport.swift";
			"sourceTree" = "<group>";
		};
		"7421D8050D500B65945F860D" = {
			"isa" = "PBXFileReference";
			"lastKnownFileType" = "sourcecode.swift";
			"path" = "Shared/Bridge/LayerThumbnails.swift";
			"sourceTree" = "<group>";
		};
		"BBF21617B3B4264C57A1DCFA" = {
			"isa" = "PBXFileReference";
			"lastKnownFileType" = "sourcecode.swift";
			"path" = "Shared/Bridge/NativeOwner.swift";
			"sourceTree" = "<group>";
		};
		"94E1B9967E71895BDF55239D" = {
			"isa" = "PBXFileReference";
			"lastKnownFileType" = "sourcecode.swift";
			"path" = "Shared/Bridge/ObservedMetalLayer.swift";
			"sourceTree" = "<group>";
		};
		"C3FDDA87759819D4E7E73E39" = {
			"isa" = "PBXFileReference";
			"lastKnownFileType" = "sourcecode.swift";
			"path" = "Shared/Bridge/ProjectFileIO.swift";
			"sourceTree" = "<group>";
		};
		"73EF1EED028F6303F5095E50" = {
			"isa" = "PBXFileReference";
			"lastKnownFileType" = "sourcecode.swift";
			"path" = "Shared/Bridge/RecoveryFiles.swift";
			"sourceTree" = "<group>";
		};
		"048E4DA63B9119CBFFDA23AA" = {
			"isa" = "PBXFileReference";
			"lastKnownFileType" = "sourcecode.swift";
			"path" = "Shared/Bridge/RendererStats.swift";
			"sourceTree" = "<group>";
		};
		"4E6053EE38F5B2266BA47B1A" = {
			"isa" = "PBXFileReference";
			"lastKnownFileType" = "sourcecode.swift";
			"path" = "Shared/Bridge/SystemStatus.swift";
			"sourceTree" = "<group>";
		};
		"8B57FA149A633B918CF038E2" = {
			"isa" = "PBXFileReference";
			"lastKnownFileType" = "sourcecode.swift";
			"path" = "Shared/Bridge/WindowPresentation.swift";
			"sourceTree" = "<group>";
		};
		"443D30B4D1BB05EB2C3CFEDF" = {
			"isa" = "PBXFileReference";
			"lastKnownFileType" = "sourcecode.swift";
			"path" = "Shared/Bridge/WorkspacePresentation.swift";
			"sourceTree" = "<group>";
		};
		"C8C71D45953266F3579A450D" = {
			"isa" = "PBXFileReference";
			"lastKnownFileType" = "sourcecode.swift";
			"path" = "Shared/Editor/AdjustmentPanel.swift";
			"sourceTree" = "<group>";
		};
		"659784F3220DC5504D8A3708" = {
			"isa" = "PBXFileReference";
			"lastKnownFileType" = "sourcecode.swift";
			"path" = "Shared/Editor/CatalogMenuItems.swift";
			"sourceTree" = "<group>";
		};
		"01B9A38932E4012197FEF359" = {
			"isa" = "PBXFileReference";
			"lastKnownFileType" = "sourcecode.swift";
			"path" = "Shared/Editor/ColorPanel.swift";
			"sourceTree" = "<group>";
		};
		"3C2F71F8F20B2C2C9C727336" = {
			"isa" = "PBXFileReference";
			"lastKnownFileType" = "sourcecode.swift";
			"path" = "Shared/Editor/EditorSessionScene.swift";
			"sourceTree" = "<group>";
		};
		"FA3427803906428C68B02A6E" = {
			"isa" = "PBXFileReference";
			"lastKnownFileType" = "sourcecode.swift";
			"path" = "Shared/Editor/EditorStyle.swift";
			"sourceTree" = "<group>";
		};
		"17ED6F984198C731A0BA5B98" = {
			"isa" = "PBXFileReference";
			"lastKnownFileType" = "sourcecode.swift";
			"path" = "Shared/Editor/EditorView.swift";
			"sourceTree" = "<group>";
		};
		"7B439BEA225CFC855F4334EC" = {
			"isa" = "PBXFileReference";
			"lastKnownFileType" = "sourcecode.swift";
			"path" = "Shared/Editor/LayerPanel.swift";
			"sourceTree" = "<group>";
		};
		"E8BB3CF07F7A2B1B32731536" = {
			"isa" = "PBXFileReference";
			"lastKnownFileType" = "sourcecode.swift";
			"path" = "Shared/Editor/NavigatorPanel.swift";
			"sourceTree" = "<group>";
		};
		"678EC1B43E4347EEA803E53A" = {
			"isa" = "PBXFileReference";
			"lastKnownFileType" = "sourcecode.swift";
			"path" = "Shared/Editor/NavigatorPlacement.swift";
			"sourceTree" = "<group>";
		};
		"2A0621AC6673C33302924C36" = {
			"isa" = "PBXFileReference";
			"lastKnownFileType" = "sourcecode.swift";
			"path" = "Shared/Editor/NewDrawingForm.swift";
			"sourceTree" = "<group>";
		};
		"F909CD84971B89D9D35EA123" = {
			"isa" = "PBXFileReference";
			"lastKnownFileType" = "sourcecode.swift";
			"path" = "Shared/Editor/NumberControl.swift";
			"sourceTree" = "<group>";
		};
		"5372DC1446C1E7F50A762E98" = {
			"isa" = "PBXFileReference";
			"lastKnownFileType" = "sourcecode.swift";
			"path" = "Shared/Editor/NumericEditState.swift";
			"sourceTree" = "<group>";
		};
		"0CD4B2886D736DE30F245211" = {
			"isa" = "PBXFileReference";
			"lastKnownFileType" = "sourcecode.swift";
			"path" = "Shared/Editor/PanelConfiguration.swift";
			"sourceTree" = "<group>";
		};
		"3790B32A02CA8A90B81EBFF9" = {
			"isa" = "PBXFileReference";
			"lastKnownFileType" = "sourcecode.swift";
			"path" = "Shared/Editor/PanelControls.swift";
			"sourceTree" = "<group>";
		};
		"653CF3C6BEEACF2434DB8A2F" = {
			"isa" = "PBXFileReference";
			"lastKnownFileType" = "sourcecode.swift";
			"path" = "Shared/Editor/ProjectFiles.swift";
			"sourceTree" = "<group>";
		};
		"7E1120DA1B0E8C34474826E3" = {
			"isa" = "PBXFileReference";
			"lastKnownFileType" = "sourcecode.swift";
			"path" = "Shared/Editor/PropertyControls.swift";
			"sourceTree" = "<group>";
		};
		"1519D171D7D75F42282074A8" = {
			"isa" = "PBXFileReference";
			"lastKnownFileType" = "sourcecode.swift";
			"path" = "Shared/Editor/RecoveryPicker.swift";
			"sourceTree" = "<group>";
		};
		"57BECEF09FEE90391C5BBD11" = {
			"isa" = "PBXFileReference";
			"lastKnownFileType" = "sourcecode.swift";
			"path" = "Shared/Editor/SystemStatusView.swift";
			"sourceTree" = "<group>";
		};
		"EE52DAF1638F8FA1D8E11FAD" = {
			"isa" = "PBXFileReference";
			"lastKnownFileType" = "sourcecode.swift";
			"path" = "Shared/Editor/ToolControls.swift";
			"sourceTree" = "<group>";
		};
		"885CAC307EA4599500C960D0" = {
			"isa" = "PBXFileReference";
			"lastKnownFileType" = "sourcecode.swift";
			"path" = "Shared/Editor/WorkspaceDialogs.swift";
			"sourceTree" = "<group>";
		};
		"A10C3C3A4AF1C8655A162685" = {
			"isa" = "PBXFileReference";
			"lastKnownFileType" = "sourcecode.swift";
			"path" = "Shared/Editor/WorkspaceDrawers.swift";
			"sourceTree" = "<group>";
		};
		"626A5DA1D6340212DEC878A5" = {
			"isa" = "PBXFileReference";
			"lastKnownFileType" = "sourcecode.swift";
			"path" = "Shared/Editor/WorkspaceMenus.swift";
			"sourceTree" = "<group>";
		};
		"B3370AE659EC6772C651ABB0" = {
			"isa" = "PBXFileReference";
			"lastKnownFileType" = "sourcecode.swift";
			"path" = "Shared/Editor/WorkspacePanels.swift";
			"sourceTree" = "<group>";
		};
		"11A2FD2C356E5A4C26E7FC91" = {
			"isa" = "PBXFileReference";
			"lastKnownFileType" = "sourcecode.swift";
			"path" = "Shared/Settings/SettingsView.swift";
			"sourceTree" = "<group>";
		};
		"D23E8C490C68E2A0BC924244" = {
			"isa" = "PBXFileReference";
			"lastKnownFileType" = "sourcecode.swift";
			"path" = "Shared/Settings/ShortcutSettingsView.swift";
			"sourceTree" = "<group>";
		};
		"A111EAB5DCA2AA4849983506" = {
			"isa" = "PBXFileReference";
			"lastKnownFileType" = "sourcecode.swift";
			"path" = "Shared/Tests/ColorControlChecks.swift";
			"sourceTree" = "<group>";
		};
		"0315E5B31FDE62A76505E930" = {
			"isa" = "PBXFileReference";
			"lastKnownFileType" = "sourcecode.swift";
			"path" = "Shared/Tests/DocumentControlChecks.swift";
			"sourceTree" = "<group>";
		};
		"10F522A5A95BDE536F0461B5" = {
			"isa" = "PBXFileReference";
			"lastKnownFileType" = "sourcecode.swift";
			"path" = "Shared/Tests/EffectControlChecks.swift";
			"sourceTree" = "<group>";
		};
		"C85D6F61A333710EA68A0A4D" = {
			"isa" = "PBXFileReference";
			"lastKnownFileType" = "sourcecode.swift";
			"path" = "Shared/Tests/LayerActionChecks.swift";
			"sourceTree" = "<group>";
		};
		"0BE1745C81BDF3F7C8C715F9" = {
			"isa" = "PBXFileReference";
			"lastKnownFileType" = "sourcecode.swift";
			"path" = "Shared/Tests/MenuSettingsChecks.swift";
			"sourceTree" = "<group>";
		};
		"8F1A320D1019C66361140E7F" = {
			"isa" = "PBXFileReference";
			"lastKnownFileType" = "sourcecode.swift";
			"path" = "Shared/Tests/NavigatorControlChecks.swift";
			"sourceTree" = "<group>";
		};
		"063EF0F2766E43A6014E9176" = {
			"isa" = "PBXFileReference";
			"lastKnownFileType" = "sourcecode.swift";
			"path" = "Shared/Tests/NumericControlChecks.swift";
			"sourceTree" = "<group>";
		};
		"0A56601E6179DFB1A93F818D" = {
			"isa" = "PBXFileReference";
			"lastKnownFileType" = "sourcecode.swift";
			"path" = "Shared/Tests/PersistenceChecks.swift";
			"sourceTree" = "<group>";
		};
		"04F30278CB4E229B2D92A858" = {
			"isa" = "PBXFileReference";
			"lastKnownFileType" = "sourcecode.swift";
			"path" = "Shared/Tests/RecoveryChecks.swift";
			"sourceTree" = "<group>";
		};
		"F3CA5BC51D910AEC3678365B" = {
			"isa" = "PBXFileReference";
			"lastKnownFileType" = "sourcecode.swift";
			"path" = "Shared/Tests/SystemStatusChecks.swift";
			"sourceTree" = "<group>";
		};
		"29F97BFAF43665DB4FAD6DD2" = {
			"isa" = "PBXFileReference";
			"lastKnownFileType" = "sourcecode.swift";
			"path" = "Shared/Tests/WindowChecks.swift";
			"sourceTree" = "<group>";
		};
		"96289F8914530B6F5BA36FB3" = {
			"isa" = "PBXFileReference";
			"lastKnownFileType" = "sourcecode.swift";
			"path" = "Shared/Tests/WorkspaceControlChecks.swift";
			"sourceTree" = "<group>";
		};
		"3C91C035833DF3A77367A99A" = {
			"isa" = "PBXFileReference";
			"lastKnownFileType" = "sourcecode.swift";
			"path" = "iOS/App/CapyCanvasApp.swift";
			"sourceTree" = "<group>";
		};
		"111E32BF3BBAC2C3EEA5ECEB" = {
			"isa" = "PBXFileReference";
			"lastKnownFileType" = "sourcecode.swift";
			"path" = "iOS/Canvas/MetalCanvas.swift";
			"sourceTree" = "<group>";
		};
		"B9F11ADE897A32410402A510" = {
			"isa" = "PBXFileReference";
			"lastKnownFileType" = "sourcecode.swift";
			"path" = "iOS/Input/PencilInput.swift";
			"sourceTree" = "<group>";
		};
		"393B93D85E7121EEC93B9C2E" = {
			"isa" = "PBXFileReference";
			"lastKnownFileType" = "sourcecode.swift";
			"path" = "iOS/Platform/BatterySource.swift";
			"sourceTree" = "<group>";
		};
		"7C875E8D7840E1DB9E96AD8D" = {
			"isa" = "PBXFileReference";
			"lastKnownFileType" = "sourcecode.swift";
			"path" = "iOS/Platform/ColorWheelInput.swift";
			"sourceTree" = "<group>";
		};
		"E0041892EC32CC1F566BEEB5" = {
			"isa" = "PBXFileReference";
			"lastKnownFileType" = "sourcecode.swift";
			"path" = "iOS/Platform/ContextAction.swift";
			"sourceTree" = "<group>";
		};
		"25EC3074B1CBAC53FDB152BF" = {
			"isa" = "PBXFileReference";
			"lastKnownFileType" = "sourcecode.swift";
			"path" = "iOS/Platform/DocumentScene.swift";
			"sourceTree" = "<group>";
		};
		"50310923A19004D5BF8FDCCF" = {
			"isa" = "PBXFileReference";
			"lastKnownFileType" = "sourcecode.swift";
			"path" = "iOS/Platform/NumericTextField.swift";
			"sourceTree" = "<group>";
		};
		"A448F54CB6160438B9BE6307" = {
			"isa" = "PBXFileReference";
			"lastKnownFileType" = "sourcecode.swift";
			"path" = "iOS/Platform/ShortcutKeyCapture.swift";
			"sourceTree" = "<group>";
		};
		"421C829F55D51AEC9446F61C" = {
			"isa" = "PBXFileReference";
			"lastKnownFileType" = "sourcecode.swift";
			"path" = "iOS/Tests/EditorLaunchTests.swift";
			"sourceTree" = "<group>";
		};
		"38A94B87502172530B078A49" = {
			"isa" = "PBXFileReference";
			"lastKnownFileType" = "sourcecode.swift";
			"path" = "macOS/App/CapyCanvasMacApp.swift";
			"sourceTree" = "<group>";
		};
		"413EE5F302E2B8B53A5FD5F1" = {
			"isa" = "PBXFileReference";
			"lastKnownFileType" = "sourcecode.swift";
			"path" = "macOS/App/DocumentWindowDelegate.swift";
			"sourceTree" = "<group>";
		};
		"99431BCB42B98C4E6DD2034B" = {
			"isa" = "PBXFileReference";
			"lastKnownFileType" = "sourcecode.swift";
			"path" = "macOS/App/MacEditorCommands.swift";
			"sourceTree" = "<group>";
		};
		"18F5C8257E9046A704415C1B" = {
			"isa" = "PBXFileReference";
			"lastKnownFileType" = "sourcecode.swift";
			"path" = "macOS/Canvas/MacMetalCanvas.swift";
			"sourceTree" = "<group>";
		};
		"6FE1AEF0A9C284227E309851" = {
			"isa" = "PBXFileReference";
			"lastKnownFileType" = "sourcecode.swift";
			"path" = "macOS/Input/MacInput.swift";
			"sourceTree" = "<group>";
		};
		"75AF5B7422F7BFB95BAF508B" = {
			"isa" = "PBXFileReference";
			"lastKnownFileType" = "sourcecode.swift";
			"path" = "macOS/Platform/BatterySource.swift";
			"sourceTree" = "<group>";
		};
		"CEBE18A28E15055326B50AC1" = {
			"isa" = "PBXFileReference";
			"lastKnownFileType" = "sourcecode.swift";
			"path" = "macOS/Platform/ColorWheelInput.swift";
			"sourceTree" = "<group>";
		};
		"C111DBD1BF5E1FFB9D1C6086" = {
			"isa" = "PBXFileReference";
			"lastKnownFileType" = "sourcecode.swift";
			"path" = "macOS/Platform/ContextAction.swift";
			"sourceTree" = "<group>";
		};
		"F91440B57C22D445A5BE2440" = {
			"isa" = "PBXFileReference";
			"lastKnownFileType" = "sourcecode.swift";
			"path" = "macOS/Platform/NumericTextField.swift";
			"sourceTree" = "<group>";
		};
		"692C302C46D7D2304E6304E9" = {
			"isa" = "PBXFileReference";
			"lastKnownFileType" = "sourcecode.swift";
			"path" = "macOS/Platform/ShortcutKeyCapture.swift";
			"sourceTree" = "<group>";
		};
		"8CD9B8D9ED5284F2DA37EB4B" = {
			"isa" = "PBXFileReference";
			"lastKnownFileType" = "sourcecode.swift";
			"path" = "macOS/Tests/EditorLaunchTests.swift";
			"sourceTree" = "<group>";
		};
		"A6D47918270966E6019BC1D8" = {
			"isa" = "PBXFileReference";
			"lastKnownFileType" = "folder.assetcatalog";
			"path" = "Generated/SharedAssets.xcassets";
			"sourceTree" = "<group>";
		};
		"27C0622449FF617E92B72BB6" = {
			"isa" = "PBXFileReference";
			"lastKnownFileType" = "folder";
			"path" = "Generated/filters";
			"sourceTree" = "<group>";
		};
		"915157684DB88C8E3DCE8F38" = {
			"isa" = "PBXFileReference";
			"lastKnownFileType" = "folder";
			"path" = "Generated/licenses";
			"sourceTree" = "<group>";
		};
		"7274CC092D14B33D3B863BE4" = {
			"isa" = "PBXFileReference";
			"explicitFileType" = "wrapper.application";
			"path" = "CapyCanvas-iPad.app";
			"sourceTree" = "BUILT_PRODUCTS_DIR";
		};
		"517D7966D36F8DAC7926A494" = {
			"isa" = "PBXBuildFile";
			"fileRef" = "668CB14733DFAAFE919B6249";
		};
		"9FDA844E7032488A5C9B117D" = {
			"isa" = "PBXBuildFile";
			"fileRef" = "8678D73C2CD2F16B2F4C4BDE";
		};
		"0416A4C0867A741D4CF30CDD" = {
			"isa" = "PBXBuildFile";
			"fileRef" = "DC26C6467362BAF0FAA01475";
		};
		"2963DCB14506268EF7311D88" = {
			"isa" = "PBXBuildFile";
			"fileRef" = "514E24D0B2CA7B1FF8F64A27";
		};
		"37D90692C4169BE63F847CD1" = {
			"isa" = "PBXBuildFile";
			"fileRef" = "F923C5CA4EB86029D6FAF0F3";
		};
		"8C2D04227708E7C006AD36BD" = {
			"isa" = "PBXBuildFile";
			"fileRef" = "9BE0D313FBC851A75294C032";
		};
		"361AF69D98170D46A5B7FCC9" = {
			"isa" = "PBXBuildFile";
			"fileRef" = "0EF2CF6CDCF4746420400C13";
		};
		"0210ECF4DBB32064B5DD1D9B" = {
			"isa" = "PBXBuildFile";
			"fileRef" = "AB3BBB32060E19A23A3660F7";
		};
		"0DBC8E8C4E5AE415F8D3A5F7" = {
			"isa" = "PBXBuildFile";
			"fileRef" = "38228B423AE3CAB2A25B2C5A";
		};
		"3B3CBF9C16405FB2A8C5C675" = {
			"isa" = "PBXBuildFile";
			"fileRef" = "20EAED433B27EA838F272094";
		};
		"20DCBE840C1B9E97D191A113" = {
			"isa" = "PBXBuildFile";
			"fileRef" = "5DDFD7A265591176363D30A8";
		};
		"6F4FA0030A689ED177D918DA" = {
			"isa" = "PBXBuildFile";
			"fileRef" = "2515D317A09AD9EE635A76D0";
		};
		"A72CD46C8D0DEF7D2F043E48" = {
			"isa" = "PBXBuildFile";
			"fileRef" = "1732FD47B74F8D58080DCBC5";
		};
		"6B0751BE169F4C3D5C90AC3B" = {
			"isa" = "PBXBuildFile";
			"fileRef" = "7421D8050D500B65945F860D";
		};
		"619E736FA1D5AF16620B2273" = {
			"isa" = "PBXBuildFile";
			"fileRef" = "BBF21617B3B4264C57A1DCFA";
		};
		"981BEC56ADF7FA1DBB08BCE4" = {
			"isa" = "PBXBuildFile";
			"fileRef" = "94E1B9967E71895BDF55239D";
		};
		"F50DC2BE26FE8179D64D8A73" = {
			"isa" = "PBXBuildFile";
			"fileRef" = "C3FDDA87759819D4E7E73E39";
		};
		"93969D7097B8A7D12073539B" = {
			"isa" = "PBXBuildFile";
			"fileRef" = "73EF1EED028F6303F5095E50";
		};
		"7863B359422595310635ECDA" = {
			"isa" = "PBXBuildFile";
			"fileRef" = "048E4DA63B9119CBFFDA23AA";
		};
		"8AA03AE1B26A86FF3C369FBC" = {
			"isa" = "PBXBuildFile";
			"fileRef" = "4E6053EE38F5B2266BA47B1A";
		};
		"AC4319FB6DA2ED48F3D4AFE6" = {
			"isa" = "PBXBuildFile";
			"fileRef" = "8B57FA149A633B918CF038E2";
		};
		"32A6FA5BE57F97905E8216F1" = {
			"isa" = "PBXBuildFile";
			"fileRef" = "443D30B4D1BB05EB2C3CFEDF";
		};
		"32C15764906F044BF605EE22" = {
			"isa" = "PBXBuildFile";
			"fileRef" = "C8C71D45953266F3579A450D";
		};
		"A256D6C3BDF4B7E896FAB9CD" = {
			"isa" = "PBXBuildFile";
			"fileRef" = "659784F3220DC5504D8A3708";
		};
		"9F09F1F0CE76C7C6C4BECD98" = {
			"isa" = "PBXBuildFile";
			"fileRef" = "01B9A38932E4012197FEF359";
		};
		"ACB31AE6965107D4787234E8" = {
			"isa" = "PBXBuildFile";
			"fileRef" = "3C2F71F8F20B2C2C9C727336";
		};
		"35A4210E05C7501A6A33623B" = {
			"isa" = "PBXBuildFile";
			"fileRef" = "FA3427803906428C68B02A6E";
		};
		"C81BC21CD8E2940A2B4F6A0D" = {
			"isa" = "PBXBuildFile";
			"fileRef" = "17ED6F984198C731A0BA5B98";
		};
		"57157F686EB7774DE9FAC0C7" = {
			"isa" = "PBXBuildFile";
			"fileRef" = "7B439BEA225CFC855F4334EC";
		};
		"2F8557A72FB077CF171DF9D4" = {
			"isa" = "PBXBuildFile";
			"fileRef" = "E8BB3CF07F7A2B1B32731536";
		};
		"1F963416770049C7A2DB46A9" = {
			"isa" = "PBXBuildFile";
			"fileRef" = "678EC1B43E4347EEA803E53A";
		};
		"6476D2218C65200347A321CE" = {
			"isa" = "PBXBuildFile";
			"fileRef" = "2A0621AC6673C33302924C36";
		};
		"6FCE0DBA83A55A1ED5B96522" = {
			"isa" = "PBXBuildFile";
			"fileRef" = "F909CD84971B89D9D35EA123";
		};
		"F4442CCC3A13B011CED9ADEC" = {
			"isa" = "PBXBuildFile";
			"fileRef" = "5372DC1446C1E7F50A762E98";
		};
		"F827C91B1100CBE96705B641" = {
			"isa" = "PBXBuildFile";
			"fileRef" = "0CD4B2886D736DE30F245211";
		};
		"1B860C0FB5B54684B9293622" = {
			"isa" = "PBXBuildFile";
			"fileRef" = "3790B32A02CA8A90B81EBFF9";
		};
		"031F91BD4F608AE95B9D300D" = {
			"isa" = "PBXBuildFile";
			"fileRef" = "653CF3C6BEEACF2434DB8A2F";
		};
		"B3CE80A302A2CB0E77A5D4E9" = {
			"isa" = "PBXBuildFile";
			"fileRef" = "7E1120DA1B0E8C34474826E3";
		};
		"BD4522633DA04313E27E9BC4" = {
			"isa" = "PBXBuildFile";
			"fileRef" = "1519D171D7D75F42282074A8";
		};
		"18181C578BA98301D238C266" = {
			"isa" = "PBXBuildFile";
			"fileRef" = "57BECEF09FEE90391C5BBD11";
		};
		"6FF1A37BCC2CD69071E98FB0" = {
			"isa" = "PBXBuildFile";
			"fileRef" = "EE52DAF1638F8FA1D8E11FAD";
		};
		"7D6681DFA37EAC4B4B829C92" = {
			"isa" = "PBXBuildFile";
			"fileRef" = "885CAC307EA4599500C960D0";
		};
		"44E64E8CDBD98AD60FDF99B9" = {
			"isa" = "PBXBuildFile";
			"fileRef" = "A10C3C3A4AF1C8655A162685";
		};
		"1517D48E336B67DCBA4D9217" = {
			"isa" = "PBXBuildFile";
			"fileRef" = "626A5DA1D6340212DEC878A5";
		};
		"408BC58F4EE0367DE9CA66CC" = {
			"isa" = "PBXBuildFile";
			"fileRef" = "B3370AE659EC6772C651ABB0";
		};
		"E09BE1327B3D23B442432117" = {
			"isa" = "PBXBuildFile";
			"fileRef" = "11A2FD2C356E5A4C26E7FC91";
		};
		"B68FB072791C9BF24A385213" = {
			"isa" = "PBXBuildFile";
			"fileRef" = "D23E8C490C68E2A0BC924244";
		};
		"44CD02BFE807810B559DFD2B" = {
			"isa" = "PBXBuildFile";
			"fileRef" = "3C91C035833DF3A77367A99A";
		};
		"48F9365B0F0716A906CC42A7" = {
			"isa" = "PBXBuildFile";
			"fileRef" = "111E32BF3BBAC2C3EEA5ECEB";
		};
		"366842A289338167EED9A499" = {
			"isa" = "PBXBuildFile";
			"fileRef" = "B9F11ADE897A32410402A510";
		};
		"D01D3261CADA7C159A67C14F" = {
			"isa" = "PBXBuildFile";
			"fileRef" = "393B93D85E7121EEC93B9C2E";
		};
		"3EB0013C828C28A7D5C3D95D" = {
			"isa" = "PBXBuildFile";
			"fileRef" = "7C875E8D7840E1DB9E96AD8D";
		};
		"0AAB755A28F6FEEE1762BD43" = {
			"isa" = "PBXBuildFile";
			"fileRef" = "E0041892EC32CC1F566BEEB5";
		};
		"A54EA1B42FDE69B923E0A57F" = {
			"isa" = "PBXBuildFile";
			"fileRef" = "25EC3074B1CBAC53FDB152BF";
		};
		"7E69E8F237D3F717B7D32EF1" = {
			"isa" = "PBXBuildFile";
			"fileRef" = "50310923A19004D5BF8FDCCF";
		};
		"F9C788D506A6E35C3D50DB47" = {
			"isa" = "PBXBuildFile";
			"fileRef" = "A448F54CB6160438B9BE6307";
		};
		"E419FFD16A5C419DBEC65B97" = {
			"isa" = "PBXBuildFile";
			"fileRef" = "A6D47918270966E6019BC1D8";
		};
		"5F0DAEC14C353B3ECD714DB6" = {
			"isa" = "PBXBuildFile";
			"fileRef" = "27C0622449FF617E92B72BB6";
		};
		"62EFFDE19D42A5ADCE4A29E8" = {
			"isa" = "PBXBuildFile";
			"fileRef" = "915157684DB88C8E3DCE8F38";
		};
		"4E24CD6FF8D2580DBAA4B332" = {
			"isa" = "PBXShellScriptBuildPhase";
			"buildActionMask" = "2147483647";
			"files" = (
			);
			"inputPaths" = (
			);
			"outputPaths" = (
			);
			"runOnlyForDeploymentPostprocessing" = "0";
			"alwaysOutOfDate" = "1";
			"name" = "Build shared Rust engine";
			"shellPath" = "/bin/bash";
			"shellScript" = "/bin/bash \"$SRCROOT/scripts/rust.sh\"\n";
		};
		"86B7B16E1902242BF1B62159" = {
			"isa" = "PBXSourcesBuildPhase";
			"buildActionMask" = "2147483647";
			"files" = (
				"517D7966D36F8DAC7926A494",
				"9FDA844E7032488A5C9B117D",
				"0416A4C0867A741D4CF30CDD",
				"2963DCB14506268EF7311D88",
				"37D90692C4169BE63F847CD1",
				"8C2D04227708E7C006AD36BD",
				"361AF69D98170D46A5B7FCC9",
				"0210ECF4DBB32064B5DD1D9B",
				"0DBC8E8C4E5AE415F8D3A5F7",
				"3B3CBF9C16405FB2A8C5C675",
				"20DCBE840C1B9E97D191A113",
				"6F4FA0030A689ED177D918DA",
				"A72CD46C8D0DEF7D2F043E48",
				"6B0751BE169F4C3D5C90AC3B",
				"619E736FA1D5AF16620B2273",
				"981BEC56ADF7FA1DBB08BCE4",
				"F50DC2BE26FE8179D64D8A73",
				"93969D7097B8A7D12073539B",
				"7863B359422595310635ECDA",
				"8AA03AE1B26A86FF3C369FBC",
				"AC4319FB6DA2ED48F3D4AFE6",
				"32A6FA5BE57F97905E8216F1",
				"32C15764906F044BF605EE22",
				"A256D6C3BDF4B7E896FAB9CD",
				"9F09F1F0CE76C7C6C4BECD98",
				"ACB31AE6965107D4787234E8",
				"35A4210E05C7501A6A33623B",
				"C81BC21CD8E2940A2B4F6A0D",
				"57157F686EB7774DE9FAC0C7",
				"2F8557A72FB077CF171DF9D4",
				"1F963416770049C7A2DB46A9",
				"6476D2218C65200347A321CE",
				"6FCE0DBA83A55A1ED5B96522",
				"F4442CCC3A13B011CED9ADEC",
				"F827C91B1100CBE96705B641",
				"1B860C0FB5B54684B9293622",
				"031F91BD4F608AE95B9D300D",
				"B3CE80A302A2CB0E77A5D4E9",
				"BD4522633DA04313E27E9BC4",
				"18181C578BA98301D238C266",
				"6FF1A37BCC2CD69071E98FB0",
				"7D6681DFA37EAC4B4B829C92",
				"44E64E8CDBD98AD60FDF99B9",
				"1517D48E336B67DCBA4D9217",
				"408BC58F4EE0367DE9CA66CC",
				"E09BE1327B3D23B442432117",
				"B68FB072791C9BF24A385213",
				"44CD02BFE807810B559DFD2B",
				"48F9365B0F0716A906CC42A7",
				"366842A289338167EED9A499",
				"D01D3261CADA7C159A67C14F",
				"3EB0013C828C28A7D5C3D95D",
				"0AAB755A28F6FEEE1762BD43",
				"A54EA1B42FDE69B923E0A57F",
				"7E69E8F237D3F717B7D32EF1",
				"F9C788D506A6E35C3D50DB47",
			);
			"runOnlyForDeploymentPostprocessing" = "0";
		};
		"3DAE989E1E0B1DE79C190DDB" = {
			"isa" = "PBXResourcesBuildPhase";
			"buildActionMask" = "2147483647";
			"files" = (
				"E419FFD16A5C419DBEC65B97",
				"5F0DAEC14C353B3ECD714DB6",
				"62EFFDE19D42A5ADCE4A29E8",
			);
			"runOnlyForDeploymentPostprocessing" = "0";
		};
		"67371E5454AB5BDF0AFCE15C" = {
			"isa" = "XCBuildConfiguration";
			"name" = "Debug";
			"buildSettings" = {
				"PRODUCT_NAME" = "CapyCanvas-iPad";
				"PRODUCT_BUNDLE_IDENTIFIER" = "art.capycanvas.apple.ipad";
				"CODE_SIGN_STYLE" = "Automatic";
				"SWIFT_VERSION" = "5.0";
				"CLANG_ENABLE_MODULES" = "YES";
				"ENABLE_USER_SCRIPT_SANDBOXING" = "NO";
				"SWIFT_OBJC_BRIDGING_HEADER" = "$(SRCROOT)/native/include/CapyApple.h";
				"ASSETCATALOG_COMPILER_GENERATE_ASSET_SYMBOLS" = "NO";
				"LIBRARY_SEARCH_PATHS" = (
					"$(inherited)",
					"$(SRCROOT)/../../target/$(CAPY_RUST_TARGET)/$(CAPY_RUST_PROFILE)",
				);
				"OTHER_LDFLAGS" = (
					"$(inherited)",
					"-llayer_apple",
					"-lc++",
					"-framework",
					"Metal",
					"-framework",
					"QuartzCore",
					"-framework",
					"Security",
				);
				"ARCHS" = "arm64";
				"ONLY_ACTIVE_ARCH" = "YES";
				"CAPY_RUST_TARGET" = "aarch64-apple-ios";
				"SDKROOT" = "iphoneos";
				"SUPPORTED_PLATFORMS" = "iphoneos iphonesimulator";
				"CAPY_RUST_TARGET[sdk=iphonesimulator*]" = "aarch64-apple-ios-sim";
				"TARGETED_DEVICE_FAMILY" = "2";
				"IPHONEOS_DEPLOYMENT_TARGET" = "18.0";
				"INFOPLIST_FILE" = "iOS/App/Info.plist";
				"SUPPORTS_MACCATALYST" = "NO";
				"CAPY_RUST_PROFILE" = "debug";
				"SWIFT_OPTIMIZATION_LEVEL" = "-Onone";
				"SWIFT_ACTIVE_COMPILATION_CONDITIONS" = "DEBUG";
				"DEBUG_INFORMATION_FORMAT" = "dwarf";
			};
		};
		"92A8E7525941A60BFDC55627" = {
			"isa" = "XCBuildConfiguration";
			"name" = "Release";
			"buildSettings" = {
				"PRODUCT_NAME" = "CapyCanvas-iPad";
				"PRODUCT_BUNDLE_IDENTIFIER" = "art.capycanvas.apple.ipad";
				"CODE_SIGN_STYLE" = "Automatic";
				"SWIFT_VERSION" = "5.0";
				"CLANG_ENABLE_MODULES" = "YES";
				"ENABLE_USER_SCRIPT_SANDBOXING" = "NO";
				"SWIFT_OBJC_BRIDGING_HEADER" = "$(SRCROOT)/native/include/CapyApple.h";
				"ASSETCATALOG_COMPILER_GENERATE_ASSET_SYMBOLS" = "NO";
				"LIBRARY_SEARCH_PATHS" = (
					"$(inherited)",
					"$(SRCROOT)/../../target/$(CAPY_RUST_TARGET)/$(CAPY_RUST_PROFILE)",
				);
				"OTHER_LDFLAGS" = (
					"$(inherited)",
					"-llayer_apple",
					"-lc++",
					"-framework",
					"Metal",
					"-framework",
					"QuartzCore",
					"-framework",
					"Security",
				);
				"ARCHS" = "arm64";
				"ONLY_ACTIVE_ARCH" = "YES";
				"CAPY_RUST_TARGET" = "aarch64-apple-ios";
				"SDKROOT" = "iphoneos";
				"SUPPORTED_PLATFORMS" = "iphoneos iphonesimulator";
				"CAPY_RUST_TARGET[sdk=iphonesimulator*]" = "aarch64-apple-ios-sim";
				"TARGETED_DEVICE_FAMILY" = "2";
				"IPHONEOS_DEPLOYMENT_TARGET" = "18.0";
				"INFOPLIST_FILE" = "iOS/App/Info.plist";
				"SUPPORTS_MACCATALYST" = "NO";
				"CAPY_RUST_PROFILE" = "release";
				"SWIFT_OPTIMIZATION_LEVEL" = "-O";
				"SWIFT_ACTIVE_COMPILATION_CONDITIONS" = "";
				"DEBUG_INFORMATION_FORMAT" = "dwarf-with-dsym";
			};
		};
		"1C43C6FCCDC060C890E7FEC9" = {
			"isa" = "XCConfigurationList";
			"buildConfigurations" = (
				"67371E5454AB5BDF0AFCE15C",
				"92A8E7525941A60BFDC55627",
			);
			"defaultConfigurationIsVisible" = "0";
			"defaultConfigurationName" = "Debug";
		};
		"B9A02FC32E4BD9DBE80EA0EE" = {
			"isa" = "PBXNativeTarget";
			"buildConfigurationList" = "1C43C6FCCDC060C890E7FEC9";
			"buildPhases" = (
				"4E24CD6FF8D2580DBAA4B332",
				"86B7B16E1902242BF1B62159",
				"3DAE989E1E0B1DE79C190DDB",
			);
			"buildRules" = (
			);
			"dependencies" = (
			);
			"name" = "CapyCanvas-iPad";
			"productName" = "CapyCanvas-iPad";
			"productReference" = "7274CC092D14B33D3B863BE4";
			"productType" = "com.apple.product-type.application";
		};
		"2D3CAFE7EDE3DE1A9BCBD1E7" = {
			"isa" = "PBXFileReference";
			"explicitFileType" = "wrapper.cfbundle";
			"path" = "CapyCanvas-iPadTests.xctest";
			"sourceTree" = "BUILT_PRODUCTS_DIR";
		};
		"701E53D1FD47F3C27574526D" = {
			"isa" = "PBXBuildFile";
			"fileRef" = "A111EAB5DCA2AA4849983506";
		};
		"6856BFDD05139ECFD100FA45" = {
			"isa" = "PBXBuildFile";
			"fileRef" = "0315E5B31FDE62A76505E930";
		};
		"B837960C4B7040BE1A7A254E" = {
			"isa" = "PBXBuildFile";
			"fileRef" = "10F522A5A95BDE536F0461B5";
		};
		"F888EE0F6A04E12CDB7C9786" = {
			"isa" = "PBXBuildFile";
			"fileRef" = "C85D6F61A333710EA68A0A4D";
		};
		"1D8ECD95C2DB9221E076892E" = {
			"isa" = "PBXBuildFile";
			"fileRef" = "0BE1745C81BDF3F7C8C715F9";
		};
		"E1E8E9B7DD2696E22BE1CCE2" = {
			"isa" = "PBXBuildFile";
			"fileRef" = "8F1A320D1019C66361140E7F";
		};
		"7265F1DDAB4CB0CD29584C7A" = {
			"isa" = "PBXBuildFile";
			"fileRef" = "063EF0F2766E43A6014E9176";
		};
		"EABE3CD6F3DD5EEC7226EC6A" = {
			"isa" = "PBXBuildFile";
			"fileRef" = "0A56601E6179DFB1A93F818D";
		};
		"EE67612866BEE117BB2DB2CF" = {
			"isa" = "PBXBuildFile";
			"fileRef" = "04F30278CB4E229B2D92A858";
		};
		"931EBF3C1CEC7D553E5232D1" = {
			"isa" = "PBXBuildFile";
			"fileRef" = "F3CA5BC51D910AEC3678365B";
		};
		"9D10CC40B55E7B83E53A1483" = {
			"isa" = "PBXBuildFile";
			"fileRef" = "29F97BFAF43665DB4FAD6DD2";
		};
		"72C96E52E0432B42F134FF6D" = {
			"isa" = "PBXBuildFile";
			"fileRef" = "96289F8914530B6F5BA36FB3";
		};
		"8C4ED6217549AA38906B85BB" = {
			"isa" = "PBXBuildFile";
			"fileRef" = "421C829F55D51AEC9446F61C";
		};
		"CD9746FFB707F79FE4FD8788" = {
			"isa" = "PBXSourcesBuildPhase";
			"buildActionMask" = "2147483647";
			"files" = (
				"701E53D1FD47F3C27574526D",
				"6856BFDD05139ECFD100FA45",
				"B837960C4B7040BE1A7A254E",
				"F888EE0F6A04E12CDB7C9786",
				"1D8ECD95C2DB9221E076892E",
				"E1E8E9B7DD2696E22BE1CCE2",
				"7265F1DDAB4CB0CD29584C7A",
				"EABE3CD6F3DD5EEC7226EC6A",
				"EE67612866BEE117BB2DB2CF",
				"931EBF3C1CEC7D553E5232D1",
				"9D10CC40B55E7B83E53A1483",
				"72C96E52E0432B42F134FF6D",
				"8C4ED6217549AA38906B85BB",
			);
			"runOnlyForDeploymentPostprocessing" = "0";
		};
		"DD84066796D492327E7EADCF" = {
			"isa" = "PBXContainerItemProxy";
			"containerPortal" = "244210E48437B6556980A702";
			"proxyType" = "1";
			"remoteGlobalIDString" = "B9A02FC32E4BD9DBE80EA0EE";
			"remoteInfo" = "CapyCanvas-iPad";
		};
		"0A6B8C0188C20FE82911D5D6" = {
			"isa" = "PBXTargetDependency";
			"target" = "B9A02FC32E4BD9DBE80EA0EE";
			"targetProxy" = "DD84066796D492327E7EADCF";
		};
		"42D7CA3E52AC78D6C44946A4" = {
			"isa" = "XCBuildConfiguration";
			"name" = "Debug";
			"buildSettings" = {
				"PRODUCT_NAME" = "CapyCanvas-iPadTests";
				"PRODUCT_BUNDLE_IDENTIFIER" = "art.capycanvas.apple.ipad.tests";
				"CODE_SIGN_STYLE" = "Automatic";
				"SWIFT_VERSION" = "5.0";
				"SDKROOT" = "iphoneos";
				"SUPPORTED_PLATFORMS" = "iphoneos iphonesimulator";
				"TARGETED_DEVICE_FAMILY" = "2";
				"IPHONEOS_DEPLOYMENT_TARGET" = "18.0";
				"GENERATE_INFOPLIST_FILE" = "YES";
				"TEST_TARGET_NAME" = "CapyCanvas-iPad";
				"ARCHS" = "arm64";
				"CLANG_ENABLE_MODULES" = "YES";
				"CAPY_RUST_PROFILE" = "debug";
				"SWIFT_OPTIMIZATION_LEVEL" = "-Onone";
				"SWIFT_ACTIVE_COMPILATION_CONDITIONS" = "DEBUG";
				"DEBUG_INFORMATION_FORMAT" = "dwarf";
			};
		};
		"436060B5DB6F4EF25A840DFA" = {
			"isa" = "XCBuildConfiguration";
			"name" = "Release";
			"buildSettings" = {
				"PRODUCT_NAME" = "CapyCanvas-iPadTests";
				"PRODUCT_BUNDLE_IDENTIFIER" = "art.capycanvas.apple.ipad.tests";
				"CODE_SIGN_STYLE" = "Automatic";
				"SWIFT_VERSION" = "5.0";
				"SDKROOT" = "iphoneos";
				"SUPPORTED_PLATFORMS" = "iphoneos iphonesimulator";
				"TARGETED_DEVICE_FAMILY" = "2";
				"IPHONEOS_DEPLOYMENT_TARGET" = "18.0";
				"GENERATE_INFOPLIST_FILE" = "YES";
				"TEST_TARGET_NAME" = "CapyCanvas-iPad";
				"ARCHS" = "arm64";
				"CLANG_ENABLE_MODULES" = "YES";
				"CAPY_RUST_PROFILE" = "release";
				"SWIFT_OPTIMIZATION_LEVEL" = "-O";
				"SWIFT_ACTIVE_COMPILATION_CONDITIONS" = "";
				"DEBUG_INFORMATION_FORMAT" = "dwarf-with-dsym";
			};
		};
		"35FF17D80C3A94C20F6D2B9E" = {
			"isa" = "XCConfigurationList";
			"buildConfigurations" = (
				"42D7CA3E52AC78D6C44946A4",
				"436060B5DB6F4EF25A840DFA",
			);
			"defaultConfigurationIsVisible" = "0";
			"defaultConfigurationName" = "Debug";
		};
		"0A93F87F8DB41AD75ACDBDA0" = {
			"isa" = "PBXNativeTarget";
			"buildConfigurationList" = "35FF17D80C3A94C20F6D2B9E";
			"buildPhases" = (
				"CD9746FFB707F79FE4FD8788",
			);
			"buildRules" = (
			);
			"dependencies" = (
				"0A6B8C0188C20FE82911D5D6",
			);
			"name" = "CapyCanvas-iPadTests";
			"productName" = "CapyCanvas-iPadTests";
			"productReference" = "2D3CAFE7EDE3DE1A9BCBD1E7";
			"productType" = "com.apple.product-type.bundle.ui-testing";
		};
		"DF69B2DF4477E1DD782C617E" = {
			"isa" = "PBXFileReference";
			"explicitFileType" = "wrapper.application";
			"path" = "CapyCanvas-Mac.app";
			"sourceTree" = "BUILT_PRODUCTS_DIR";
		};
		"E64BC9AAC3B7FC1937A28003" = {
			"isa" = "PBXBuildFile";
			"fileRef" = "668CB14733DFAAFE919B6249";
		};
		"4B753A3CF43BA65CB45D0294" = {
			"isa" = "PBXBuildFile";
			"fileRef" = "8678D73C2CD2F16B2F4C4BDE";
		};
		"86A718BEF3D3234494D05E79" = {
			"isa" = "PBXBuildFile";
			"fileRef" = "DC26C6467362BAF0FAA01475";
		};
		"76FAA65302E409BF77DBF2DA" = {
			"isa" = "PBXBuildFile";
			"fileRef" = "514E24D0B2CA7B1FF8F64A27";
		};
		"CF17CA62F14769E88C363D81" = {
			"isa" = "PBXBuildFile";
			"fileRef" = "F923C5CA4EB86029D6FAF0F3";
		};
		"AAB49A590B1C713EA6342309" = {
			"isa" = "PBXBuildFile";
			"fileRef" = "9BE0D313FBC851A75294C032";
		};
		"C5939DA82240793793EADC43" = {
			"isa" = "PBXBuildFile";
			"fileRef" = "0EF2CF6CDCF4746420400C13";
		};
		"61123576CAD85845045C5FA6" = {
			"isa" = "PBXBuildFile";
			"fileRef" = "AB3BBB32060E19A23A3660F7";
		};
		"5A4E7773058DB30DF238C15A" = {
			"isa" = "PBXBuildFile";
			"fileRef" = "38228B423AE3CAB2A25B2C5A";
		};
		"FE22C1A96B199891D30B9CCB" = {
			"isa" = "PBXBuildFile";
			"fileRef" = "20EAED433B27EA838F272094";
		};
		"605F53DD4E4F91EC2FB6F4A2" = {
			"isa" = "PBXBuildFile";
			"fileRef" = "5DDFD7A265591176363D30A8";
		};
		"D49FC01895B3ECDA47DD26F8" = {
			"isa" = "PBXBuildFile";
			"fileRef" = "2515D317A09AD9EE635A76D0";
		};
		"121635122FC4271C31771167" = {
			"isa" = "PBXBuildFile";
			"fileRef" = "1732FD47B74F8D58080DCBC5";
		};
		"55436AA94D220E06751D12B4" = {
			"isa" = "PBXBuildFile";
			"fileRef" = "7421D8050D500B65945F860D";
		};
		"148C70F1CC5981DC4E152176" = {
			"isa" = "PBXBuildFile";
			"fileRef" = "BBF21617B3B4264C57A1DCFA";
		};
		"ADA241F104DC8E76737ECF2C" = {
			"isa" = "PBXBuildFile";
			"fileRef" = "94E1B9967E71895BDF55239D";
		};
		"CC012D02BB507E3F9DA79ED5" = {
			"isa" = "PBXBuildFile";
			"fileRef" = "C3FDDA87759819D4E7E73E39";
		};
		"68286FB7F48B646C9E1FF98E" = {
			"isa" = "PBXBuildFile";
			"fileRef" = "73EF1EED028F6303F5095E50";
		};
		"99B5A105ECA2B65294481030" = {
			"isa" = "PBXBuildFile";
			"fileRef" = "048E4DA63B9119CBFFDA23AA";
		};
		"DA7E84475D9883296C8DFA6E" = {
			"isa" = "PBXBuildFile";
			"fileRef" = "4E6053EE38F5B2266BA47B1A";
		};
		"1F503BEB3A4ED50AB01B963D" = {
			"isa" = "PBXBuildFile";
			"fileRef" = "8B57FA149A633B918CF038E2";
		};
		"82A935190C3D8548CFC7FDCD" = {
			"isa" = "PBXBuildFile";
			"fileRef" = "443D30B4D1BB05EB2C3CFEDF";
		};
		"017E71D9B178A18E644D5BFA" = {
			"isa" = "PBXBuildFile";
			"fileRef" = "C8C71D45953266F3579A450D";
		};
		"AE74F6961CEC4A21434D34F4" = {
			"isa" = "PBXBuildFile";
			"fileRef" = "659784F3220DC5504D8A3708";
		};
		"D7E77D9144706AA620287BF2" = {
			"isa" = "PBXBuildFile";
			"fileRef" = "01B9A38932E4012197FEF359";
		};
		"A1386C175D94680AFC6A6DD7" = {
			"isa" = "PBXBuildFile";
			"fileRef" = "3C2F71F8F20B2C2C9C727336";
		};
		"CE6BA2A1B9CFDEBC98F72918" = {
			"isa" = "PBXBuildFile";
			"fileRef" = "FA3427803906428C68B02A6E";
		};
		"FD3BFD5DB3E2F285B1709A59" = {
			"isa" = "PBXBuildFile";
			"fileRef" = "17ED6F984198C731A0BA5B98";
		};
		"EE5ACC9AC15279956BC75A8C" = {
			"isa" = "PBXBuildFile";
			"fileRef" = "7B439BEA225CFC855F4334EC";
		};
		"4662F0C104A4B022BC604D3E" = {
			"isa" = "PBXBuildFile";
			"fileRef" = "E8BB3CF07F7A2B1B32731536";
		};
		"8419EAAAD9EA947A35E14686" = {
			"isa" = "PBXBuildFile";
			"fileRef" = "678EC1B43E4347EEA803E53A";
		};
		"0E715AEC3BEE5C0A4927A372" = {
			"isa" = "PBXBuildFile";
			"fileRef" = "2A0621AC6673C33302924C36";
		};
		"AC48A0A3D57A27CAB62AA8B0" = {
			"isa" = "PBXBuildFile";
			"fileRef" = "F909CD84971B89D9D35EA123";
		};
		"B08ABA8D9AF309C0F8799A43" = {
			"isa" = "PBXBuildFile";
			"fileRef" = "5372DC1446C1E7F50A762E98";
		};
		"E7E9AD3757194E84A3CDB7F4" = {
			"isa" = "PBXBuildFile";
			"fileRef" = "0CD4B2886D736DE30F245211";
		};
		"F5BFC168E3534A8268199BA2" = {
			"isa" = "PBXBuildFile";
			"fileRef" = "3790B32A02CA8A90B81EBFF9";
		};
		"5C7D38750C0DC7591CEF3692" = {
			"isa" = "PBXBuildFile";
			"fileRef" = "653CF3C6BEEACF2434DB8A2F";
		};
		"C90A77B26334B2BB0F92A2C3" = {
			"isa" = "PBXBuildFile";
			"fileRef" = "7E1120DA1B0E8C34474826E3";
		};
		"99AE3E524D7302F8FEFB2892" = {
			"isa" = "PBXBuildFile";
			"fileRef" = "1519D171D7D75F42282074A8";
		};
		"1606E282CAE21E78B65B29B5" = {
			"isa" = "PBXBuildFile";
			"fileRef" = "57BECEF09FEE90391C5BBD11";
		};
		"4386B6B26AB0963570ADF0A8" = {
			"isa" = "PBXBuildFile";
			"fileRef" = "EE52DAF1638F8FA1D8E11FAD";
		};
		"0C22BA4C2C1C58452D41F333" = {
			"isa" = "PBXBuildFile";
			"fileRef" = "885CAC307EA4599500C960D0";
		};
		"B7595A7FC85049E07E96271C" = {
			"isa" = "PBXBuildFile";
			"fileRef" = "A10C3C3A4AF1C8655A162685";
		};
		"F8D8944D6B96299802110B07" = {
			"isa" = "PBXBuildFile";
			"fileRef" = "626A5DA1D6340212DEC878A5";
		};
		"4326CAA0ACAAA6275A768535" = {
			"isa" = "PBXBuildFile";
			"fileRef" = "B3370AE659EC6772C651ABB0";
		};
		"36090694B66DBB82370ADDE0" = {
			"isa" = "PBXBuildFile";
			"fileRef" = "11A2FD2C356E5A4C26E7FC91";
		};
		"FD7CCCAA3B19927D44E89D14" = {
			"isa" = "PBXBuildFile";
			"fileRef" = "D23E8C490C68E2A0BC924244";
		};
		"29FCB920EEF14C46FBE2BC8E" = {
			"isa" = "PBXBuildFile";
			"fileRef" = "38A94B87502172530B078A49";
		};
		"09050A03214444CD3AC349B5" = {
			"isa" = "PBXBuildFile";
			"fileRef" = "413EE5F302E2B8B53A5FD5F1";
		};
		"1BE778F1848E2AF13BDA5B93" = {
			"isa" = "PBXBuildFile";
			"fileRef" = "99431BCB42B98C4E6DD2034B";
		};
		"8857E613DFA7ED917C92FEE7" = {
			"isa" = "PBXBuildFile";
			"fileRef" = "18F5C8257E9046A704415C1B";
		};
		"1900194C86A1FBADCBB664DE" = {
			"isa" = "PBXBuildFile";
			"fileRef" = "6FE1AEF0A9C284227E309851";
		};
		"FEFE1DDD3AC62E6CDE165FEC" = {
			"isa" = "PBXBuildFile";
			"fileRef" = "75AF5B7422F7BFB95BAF508B";
		};
		"C11679B3358D93ECE4378DF3" = {
			"isa" = "PBXBuildFile";
			"fileRef" = "CEBE18A28E15055326B50AC1";
		};
		"2EE5A95F4E8123A9A93D960C" = {
			"isa" = "PBXBuildFile";
			"fileRef" = "C111DBD1BF5E1FFB9D1C6086";
		};
		"1181F9ED0788A3DCD693CD1E" = {
			"isa" = "PBXBuildFile";
			"fileRef" = "F91440B57C22D445A5BE2440";
		};
		"950CDE4AA49F2D2500E6753D" = {
			"isa" = "PBXBuildFile";
			"fileRef" = "692C302C46D7D2304E6304E9";
		};
		"95DEBB7584B28DACAD448AC8" = {
			"isa" = "PBXBuildFile";
			"fileRef" = "A6D47918270966E6019BC1D8";
		};
		"C219365362741A2868BBCC65" = {
			"isa" = "PBXBuildFile";
			"fileRef" = "27C0622449FF617E92B72BB6";
		};
		"9C5DAB521961785962A358E7" = {
			"isa" = "PBXBuildFile";
			"fileRef" = "915157684DB88C8E3DCE8F38";
		};
		"BE335FBEEB6638DD221CCC26" = {
			"isa" = "PBXShellScriptBuildPhase";
			"buildActionMask" = "2147483647";
			"files" = (
			);
			"inputPaths" = (
			);
			"outputPaths" = (
			);
			"runOnlyForDeploymentPostprocessing" = "0";
			"alwaysOutOfDate" = "1";
			"name" = "Build shared Rust engine";
			"shellPath" = "/bin/bash";
			"shellScript" = "/bin/bash \"$SRCROOT/scripts/rust.sh\"\n";
		};
		"5368F23FD2891A04FD685507" = {
			"isa" = "PBXSourcesBuildPhase";
			"buildActionMask" = "2147483647";
			"files" = (
				"E64BC9AAC3B7FC1937A28003",
				"4B753A3CF43BA65CB45D0294",
				"86A718BEF3D3234494D05E79",
				"76FAA65302E409BF77DBF2DA",
				"CF17CA62F14769E88C363D81",
				"AAB49A590B1C713EA6342309",
				"C5939DA82240793793EADC43",
				"61123576CAD85845045C5FA6",
				"5A4E7773058DB30DF238C15A",
				"FE22C1A96B199891D30B9CCB",
				"605F53DD4E4F91EC2FB6F4A2",
				"D49FC01895B3ECDA47DD26F8",
				"121635122FC4271C31771167",
				"55436AA94D220E06751D12B4",
				"148C70F1CC5981DC4E152176",
				"ADA241F104DC8E76737ECF2C",
				"CC012D02BB507E3F9DA79ED5",
				"68286FB7F48B646C9E1FF98E",
				"99B5A105ECA2B65294481030",
				"DA7E84475D9883296C8DFA6E",
				"1F503BEB3A4ED50AB01B963D",
				"82A935190C3D8548CFC7FDCD",
				"017E71D9B178A18E644D5BFA",
				"AE74F6961CEC4A21434D34F4",
				"D7E77D9144706AA620287BF2",
				"A1386C175D94680AFC6A6DD7",
				"CE6BA2A1B9CFDEBC98F72918",
				"FD3BFD5DB3E2F285B1709A59",
				"EE5ACC9AC15279956BC75A8C",
				"4662F0C104A4B022BC604D3E",
				"8419EAAAD9EA947A35E14686",
				"0E715AEC3BEE5C0A4927A372",
				"AC48A0A3D57A27CAB62AA8B0",
				"B08ABA8D9AF309C0F8799A43",
				"E7E9AD3757194E84A3CDB7F4",
				"F5BFC168E3534A8268199BA2",
				"5C7D38750C0DC7591CEF3692",
				"C90A77B26334B2BB0F92A2C3",
				"99AE3E524D7302F8FEFB2892",
				"1606E282CAE21E78B65B29B5",
				"4386B6B26AB0963570ADF0A8",
				"0C22BA4C2C1C58452D41F333",
				"B7595A7FC85049E07E96271C",
				"F8D8944D6B96299802110B07",
				"4326CAA0ACAAA6275A768535",
				"36090694B66DBB82370ADDE0",
				"FD7CCCAA3B19927D44E89D14",
				"29FCB920EEF14C46FBE2BC8E",
				"09050A03214444CD3AC349B5",
				"1BE778F1848E2AF13BDA5B93",
				"8857E613DFA7ED917C92FEE7",
				"1900194C86A1FBADCBB664DE",
				"FEFE1DDD3AC62E6CDE165FEC",
				"C11679B3358D93ECE4378DF3",
				"2EE5A95F4E8123A9A93D960C",
				"1181F9ED0788A3DCD693CD1E",
				"950CDE4AA49F2D2500E6753D",
			);
			"runOnlyForDeploymentPostprocessing" = "0";
		};
		"5422D4DEE3735E321C7F59DA" = {
			"isa" = "PBXResourcesBuildPhase";
			"buildActionMask" = "2147483647";
			"files" = (
				"95DEBB7584B28DACAD448AC8",
				"C219365362741A2868BBCC65",
				"9C5DAB521961785962A358E7",
			);
			"runOnlyForDeploymentPostprocessing" = "0";
		};
		"960A698AB2074979A62B577B" = {
			"isa" = "XCBuildConfiguration";
			"name" = "Debug";
			"buildSettings" = {
				"PRODUCT_NAME" = "CapyCanvas-Mac";
				"PRODUCT_BUNDLE_IDENTIFIER" = "art.capycanvas.apple.mac";
				"CODE_SIGN_STYLE" = "Automatic";
				"SWIFT_VERSION" = "5.0";
				"CLANG_ENABLE_MODULES" = "YES";
				"ENABLE_USER_SCRIPT_SANDBOXING" = "NO";
				"SWIFT_OBJC_BRIDGING_HEADER" = "$(SRCROOT)/native/include/CapyApple.h";
				"ASSETCATALOG_COMPILER_GENERATE_ASSET_SYMBOLS" = "NO";
				"LIBRARY_SEARCH_PATHS" = (
					"$(inherited)",
					"$(SRCROOT)/../../target/$(CAPY_RUST_TARGET)/$(CAPY_RUST_PROFILE)",
				);
				"OTHER_LDFLAGS" = (
					"$(inherited)",
					"-llayer_apple",
					"-lc++",
					"-framework",
					"Metal",
					"-framework",
					"QuartzCore",
					"-framework",
					"Security",
				);
				"ARCHS" = "arm64";
				"ONLY_ACTIVE_ARCH" = "YES";
				"CAPY_RUST_TARGET" = "aarch64-apple-darwin";
				"SDKROOT" = "macosx";
				"SUPPORTED_PLATFORMS" = "macosx";
				"MACOSX_DEPLOYMENT_TARGET" = "15.0";
				"INFOPLIST_FILE" = "macOS/App/Info.plist";
				"CAPY_RUST_PROFILE" = "debug";
				"SWIFT_OPTIMIZATION_LEVEL" = "-Onone";
				"SWIFT_ACTIVE_COMPILATION_CONDITIONS" = "DEBUG";
				"DEBUG_INFORMATION_FORMAT" = "dwarf";
			};
		};
		"A9BF6E1173F3104630A36C8B" = {
			"isa" = "XCBuildConfiguration";
			"name" = "Release";
			"buildSettings" = {
				"PRODUCT_NAME" = "CapyCanvas-Mac";
				"PRODUCT_BUNDLE_IDENTIFIER" = "art.capycanvas.apple.mac";
				"CODE_SIGN_STYLE" = "Automatic";
				"SWIFT_VERSION" = "5.0";
				"CLANG_ENABLE_MODULES" = "YES";
				"ENABLE_USER_SCRIPT_SANDBOXING" = "NO";
				"SWIFT_OBJC_BRIDGING_HEADER" = "$(SRCROOT)/native/include/CapyApple.h";
				"ASSETCATALOG_COMPILER_GENERATE_ASSET_SYMBOLS" = "NO";
				"LIBRARY_SEARCH_PATHS" = (
					"$(inherited)",
					"$(SRCROOT)/../../target/$(CAPY_RUST_TARGET)/$(CAPY_RUST_PROFILE)",
				);
				"OTHER_LDFLAGS" = (
					"$(inherited)",
					"-llayer_apple",
					"-lc++",
					"-framework",
					"Metal",
					"-framework",
					"QuartzCore",
					"-framework",
					"Security",
				);
				"ARCHS" = "arm64";
				"ONLY_ACTIVE_ARCH" = "YES";
				"CAPY_RUST_TARGET" = "aarch64-apple-darwin";
				"SDKROOT" = "macosx";
				"SUPPORTED_PLATFORMS" = "macosx";
				"MACOSX_DEPLOYMENT_TARGET" = "15.0";
				"INFOPLIST_FILE" = "macOS/App/Info.plist";
				"CAPY_RUST_PROFILE" = "release";
				"SWIFT_OPTIMIZATION_LEVEL" = "-O";
				"SWIFT_ACTIVE_COMPILATION_CONDITIONS" = "";
				"DEBUG_INFORMATION_FORMAT" = "dwarf-with-dsym";
			};
		};
		"027CD9FAD671B52D21539F3F" = {
			"isa" = "XCConfigurationList";
			"buildConfigurations" = (
				"960A698AB2074979A62B577B",
				"A9BF6E1173F3104630A36C8B",
			);
			"defaultConfigurationIsVisible" = "0";
			"defaultConfigurationName" = "Debug";
		};
		"969309D46E637BD3F0BD5E90" = {
			"isa" = "PBXNativeTarget";
			"buildConfigurationList" = "027CD9FAD671B52D21539F3F";
			"buildPhases" = (
				"BE335FBEEB6638DD221CCC26",
				"5368F23FD2891A04FD685507",
				"5422D4DEE3735E321C7F59DA",
			);
			"buildRules" = (
			);
			"dependencies" = (
			);
			"name" = "CapyCanvas-Mac";
			"productName" = "CapyCanvas-Mac";
			"productReference" = "DF69B2DF4477E1DD782C617E";
			"productType" = "com.apple.product-type.application";
		};
		"E00213A990C306B22B90F474" = {
			"isa" = "PBXFileReference";
			"explicitFileType" = "wrapper.cfbundle";
			"path" = "CapyCanvas-MacTests.xctest";
			"sourceTree" = "BUILT_PRODUCTS_DIR";
		};
		"1E623271EA83F11430949AB4" = {
			"isa" = "PBXBuildFile";
			"fileRef" = "A111EAB5DCA2AA4849983506";
		};
		"D1973B9DA5A1E2AD74F0F5BB" = {
			"isa" = "PBXBuildFile";
			"fileRef" = "0315E5B31FDE62A76505E930";
		};
		"FE3AD9B4507EC0EE46657FCB" = {
			"isa" = "PBXBuildFile";
			"fileRef" = "10F522A5A95BDE536F0461B5";
		};
		"3EC8ED07647D6114DF20380B" = {
			"isa" = "PBXBuildFile";
			"fileRef" = "C85D6F61A333710EA68A0A4D";
		};
		"40A08681ADFB9CDF2AEFA8D0" = {
			"isa" = "PBXBuildFile";
			"fileRef" = "0BE1745C81BDF3F7C8C715F9";
		};
		"715D8483E65C48BA162F616F" = {
			"isa" = "PBXBuildFile";
			"fileRef" = "8F1A320D1019C66361140E7F";
		};
		"85E38D0AE3590811DF1F040C" = {
			"isa" = "PBXBuildFile";
			"fileRef" = "063EF0F2766E43A6014E9176";
		};
		"A62ECFEC9CCE50F8E4179560" = {
			"isa" = "PBXBuildFile";
			"fileRef" = "0A56601E6179DFB1A93F818D";
		};
		"38D306EBD371CB4CA122A688" = {
			"isa" = "PBXBuildFile";
			"fileRef" = "04F30278CB4E229B2D92A858";
		};
		"FAE7E77DE86ED375A927332D" = {
			"isa" = "PBXBuildFile";
			"fileRef" = "F3CA5BC51D910AEC3678365B";
		};
		"9CC8458FC2FAB23BD85A9986" = {
			"isa" = "PBXBuildFile";
			"fileRef" = "29F97BFAF43665DB4FAD6DD2";
		};
		"067C9AC99D911BEF00B8851C" = {
			"isa" = "PBXBuildFile";
			"fileRef" = "96289F8914530B6F5BA36FB3";
		};
		"62EB3167D3EF614906196C40" = {
			"isa" = "PBXBuildFile";
			"fileRef" = "8CD9B8D9ED5284F2DA37EB4B";
		};
		"B97B0E9143C94A72AA65A9DC" = {
			"isa" = "PBXSourcesBuildPhase";
			"buildActionMask" = "2147483647";
			"files" = (
				"1E623271EA83F11430949AB4",
				"D1973B9DA5A1E2AD74F0F5BB",
				"FE3AD9B4507EC0EE46657FCB",
				"3EC8ED07647D6114DF20380B",
				"40A08681ADFB9CDF2AEFA8D0",
				"715D8483E65C48BA162F616F",
				"85E38D0AE3590811DF1F040C",
				"A62ECFEC9CCE50F8E4179560",
				"38D306EBD371CB4CA122A688",
				"FAE7E77DE86ED375A927332D",
				"9CC8458FC2FAB23BD85A9986",
				"067C9AC99D911BEF00B8851C",
				"62EB3167D3EF614906196C40",
			);
			"runOnlyForDeploymentPostprocessing" = "0";
		};
		"833A60E8AA3E7E0EB97334C2" = {
			"isa" = "PBXContainerItemProxy";
			"containerPortal" = "244210E48437B6556980A702";
			"proxyType" = "1";
			"remoteGlobalIDString" = "969309D46E637BD3F0BD5E90";
			"remoteInfo" = "CapyCanvas-Mac";
		};
		"1810017762720C014EAC96E4" = {
			"isa" = "PBXTargetDependency";
			"target" = "969309D46E637BD3F0BD5E90";
			"targetProxy" = "833A60E8AA3E7E0EB97334C2";
		};
		"70C3E611C6489F3EA4E5EBC5" = {
			"isa" = "XCBuildConfiguration";
			"name" = "Debug";
			"buildSettings" = {
				"PRODUCT_NAME" = "CapyCanvas-MacTests";
				"PRODUCT_BUNDLE_IDENTIFIER" = "art.capycanvas.apple.mac.tests";
				"CODE_SIGN_STYLE" = "Automatic";
				"SWIFT_VERSION" = "5.0";
				"SDKROOT" = "macosx";
				"SUPPORTED_PLATFORMS" = "macosx";
				"GENERATE_INFOPLIST_FILE" = "YES";
				"TEST_TARGET_NAME" = "CapyCanvas-Mac";
				"ARCHS" = "arm64";
				"CLANG_ENABLE_MODULES" = "YES";
				"MACOSX_DEPLOYMENT_TARGET" = "15.0";
				"CAPY_RUST_PROFILE" = "debug";
				"SWIFT_OPTIMIZATION_LEVEL" = "-Onone";
				"SWIFT_ACTIVE_COMPILATION_CONDITIONS" = "DEBUG";
				"DEBUG_INFORMATION_FORMAT" = "dwarf";
			};
		};
		"FA9C0DAE96756F53FD1537BD" = {
			"isa" = "XCBuildConfiguration";
			"name" = "Release";
			"buildSettings" = {
				"PRODUCT_NAME" = "CapyCanvas-MacTests";
				"PRODUCT_BUNDLE_IDENTIFIER" = "art.capycanvas.apple.mac.tests";
				"CODE_SIGN_STYLE" = "Automatic";
				"SWIFT_VERSION" = "5.0";
				"SDKROOT" = "macosx";
				"SUPPORTED_PLATFORMS" = "macosx";
				"GENERATE_INFOPLIST_FILE" = "YES";
				"TEST_TARGET_NAME" = "CapyCanvas-Mac";
				"ARCHS" = "arm64";
				"CLANG_ENABLE_MODULES" = "YES";
				"MACOSX_DEPLOYMENT_TARGET" = "15.0";
				"CAPY_RUST_PROFILE" = "release";
				"SWIFT_OPTIMIZATION_LEVEL" = "-O";
				"SWIFT_ACTIVE_COMPILATION_CONDITIONS" = "";
				"DEBUG_INFORMATION_FORMAT" = "dwarf-with-dsym";
			};
		};
		"CB2615FF56FD382EB1FA8473" = {
			"isa" = "XCConfigurationList";
			"buildConfigurations" = (
				"70C3E611C6489F3EA4E5EBC5",
				"FA9C0DAE96756F53FD1537BD",
			);
			"defaultConfigurationIsVisible" = "0";
			"defaultConfigurationName" = "Debug";
		};
		"A9EAC1E93B3319AC95FA603F" = {
			"isa" = "PBXNativeTarget";
			"buildConfigurationList" = "CB2615FF56FD382EB1FA8473";
			"buildPhases" = (
				"B97B0E9143C94A72AA65A9DC",
			);
			"buildRules" = (
			);
			"dependencies" = (
				"1810017762720C014EAC96E4",
			);
			"name" = "CapyCanvas-MacTests";
			"productName" = "CapyCanvas-MacTests";
			"productReference" = "E00213A990C306B22B90F474";
			"productType" = "com.apple.product-type.bundle.ui-testing";
		};
		"0A3E27B8CA818264D75C8D81" = {
			"isa" = "PBXGroup";
			"name" = "Products";
			"children" = (
				"7274CC092D14B33D3B863BE4",
				"2D3CAFE7EDE3DE1A9BCBD1E7",
				"DF69B2DF4477E1DD782C617E",
				"E00213A990C306B22B90F474",
			);
			"sourceTree" = "<group>";
		};
		"0D6E4079E36703EBD37C0072" = {
			"isa" = "PBXGroup";
			"children" = (
				"668CB14733DFAAFE919B6249",
				"8678D73C2CD2F16B2F4C4BDE",
				"DC26C6467362BAF0FAA01475",
				"514E24D0B2CA7B1FF8F64A27",
				"F923C5CA4EB86029D6FAF0F3",
				"9BE0D313FBC851A75294C032",
				"0EF2CF6CDCF4746420400C13",
				"AB3BBB32060E19A23A3660F7",
				"38228B423AE3CAB2A25B2C5A",
				"20EAED433B27EA838F272094",
				"5DDFD7A265591176363D30A8",
				"2515D317A09AD9EE635A76D0",
				"1732FD47B74F8D58080DCBC5",
				"7421D8050D500B65945F860D",
				"BBF21617B3B4264C57A1DCFA",
				"94E1B9967E71895BDF55239D",
				"C3FDDA87759819D4E7E73E39",
				"73EF1EED028F6303F5095E50",
				"048E4DA63B9119CBFFDA23AA",
				"4E6053EE38F5B2266BA47B1A",
				"8B57FA149A633B918CF038E2",
				"443D30B4D1BB05EB2C3CFEDF",
				"C8C71D45953266F3579A450D",
				"659784F3220DC5504D8A3708",
				"01B9A38932E4012197FEF359",
				"3C2F71F8F20B2C2C9C727336",
				"FA3427803906428C68B02A6E",
				"17ED6F984198C731A0BA5B98",
				"7B439BEA225CFC855F4334EC",
				"E8BB3CF07F7A2B1B32731536",
				"678EC1B43E4347EEA803E53A",
				"2A0621AC6673C33302924C36",
				"F909CD84971B89D9D35EA123",
				"5372DC1446C1E7F50A762E98",
				"0CD4B2886D736DE30F245211",
				"3790B32A02CA8A90B81EBFF9",
				"653CF3C6BEEACF2434DB8A2F",
				"7E1120DA1B0E8C34474826E3",
				"1519D171D7D75F42282074A8",
				"57BECEF09FEE90391C5BBD11",
				"EE52DAF1638F8FA1D8E11FAD",
				"885CAC307EA4599500C960D0",
				"A10C3C3A4AF1C8655A162685",
				"626A5DA1D6340212DEC878A5",
				"B3370AE659EC6772C651ABB0",
				"11A2FD2C356E5A4C26E7FC91",
				"D23E8C490C68E2A0BC924244",
				"A111EAB5DCA2AA4849983506",
				"0315E5B31FDE62A76505E930",
				"10F522A5A95BDE536F0461B5",
				"C85D6F61A333710EA68A0A4D",
				"0BE1745C81BDF3F7C8C715F9",
				"8F1A320D1019C66361140E7F",
				"063EF0F2766E43A6014E9176",
				"0A56601E6179DFB1A93F818D",
				"04F30278CB4E229B2D92A858",
				"F3CA5BC51D910AEC3678365B",
				"29F97BFAF43665DB4FAD6DD2",
				"96289F8914530B6F5BA36FB3",
				"3C91C035833DF3A77367A99A",
				"111E32BF3BBAC2C3EEA5ECEB",
				"B9F11ADE897A32410402A510",
				"393B93D85E7121EEC93B9C2E",
				"7C875E8D7840E1DB9E96AD8D",
				"E0041892EC32CC1F566BEEB5",
				"25EC3074B1CBAC53FDB152BF",
				"50310923A19004D5BF8FDCCF",
				"A448F54CB6160438B9BE6307",
				"421C829F55D51AEC9446F61C",
				"38A94B87502172530B078A49",
				"413EE5F302E2B8B53A5FD5F1",
				"99431BCB42B98C4E6DD2034B",
				"18F5C8257E9046A704415C1B",
				"6FE1AEF0A9C284227E309851",
				"75AF5B7422F7BFB95BAF508B",
				"CEBE18A28E15055326B50AC1",
				"C111DBD1BF5E1FFB9D1C6086",
				"F91440B57C22D445A5BE2440",
				"692C302C46D7D2304E6304E9",
				"8CD9B8D9ED5284F2DA37EB4B",
				"A6D47918270966E6019BC1D8",
				"27C0622449FF617E92B72BB6",
				"915157684DB88C8E3DCE8F38",
				"0A3E27B8CA818264D75C8D81",
			);
			"sourceTree" = "<group>";
		};
		"73EBF6644258C120893E685D" = {
			"isa" = "XCBuildConfiguration";
			"name" = "Debug";
			"buildSettings" = {
				"CAPY_RUST_PROFILE" = "debug";
				"SWIFT_OPTIMIZATION_LEVEL" = "-Onone";
				"SWIFT_ACTIVE_COMPILATION_CONDITIONS" = "DEBUG";
				"DEBUG_INFORMATION_FORMAT" = "dwarf";
			};
		};
		"0B0C687DF8B6B8DC790B519C" = {
			"isa" = "XCBuildConfiguration";
			"name" = "Release";
			"buildSettings" = {
				"CAPY_RUST_PROFILE" = "release";
				"SWIFT_OPTIMIZATION_LEVEL" = "-O";
				"SWIFT_ACTIVE_COMPILATION_CONDITIONS" = "";
				"DEBUG_INFORMATION_FORMAT" = "dwarf-with-dsym";
			};
		};
		"76F8DEC3DFE0BDB465198890" = {
			"isa" = "XCConfigurationList";
			"buildConfigurations" = (
				"73EBF6644258C120893E685D",
				"0B0C687DF8B6B8DC790B519C",
			);
			"defaultConfigurationIsVisible" = "0";
			"defaultConfigurationName" = "Debug";
		};
		"244210E48437B6556980A702" = {
			"isa" = "PBXProject";
			"attributes" = {
				"LastUpgradeCheck" = "2660";
				"BuildIndependentTargetsInParallel" = "YES";
			};
			"buildConfigurationList" = "76F8DEC3DFE0BDB465198890";
			"compatibilityVersion" = "Xcode 14.0";
			"developmentRegion" = "en";
			"knownRegions" = (
				"en",
				"Base",
			);
			"mainGroup" = "0D6E4079E36703EBD37C0072";
			"productRefGroup" = "0A3E27B8CA818264D75C8D81";
			"projectDirPath" = "";
			"projectRoot" = "";
			"targets" = (
				"B9A02FC32E4BD9DBE80EA0EE",
				"0A93F87F8DB41AD75ACDBDA0",
				"969309D46E637BD3F0BD5E90",
				"A9EAC1E93B3319AC95FA603F",
			);
		};
	};
	"rootObject" = "244210E48437B6556980A702";
}
